// !$*UTF8*$!
{
	archiveVersion = 1;
	classes = {
	};
	objectVersion = 55;
	objects = {

/* Begin PBXBuildFile section */
		DECBEFEF27E45474005E8061 /* FloatingTextFieldApp.swift in Sources */ = {isa = PBXBuildFile; fileRef = DECBEFDF27E45473005E8061 /* FloatingTextFieldApp.swift */; };
		DECBEFF027E45474005E8061 /* FloatingTextFieldApp.swift in Sources */ = {isa = PBXBuildFile; fileRef = DECBEFDF27E45473005E8061 /* FloatingTextFieldApp.swift */; };
		DECBEFF127E45474005E8061 /* FloatingTextField.swift in Sources */ = {isa = PBXBuildFile; fileRef = DECBEFE027E45473005E8061 /* FloatingTextField.swift */; };
		DECBEFF227E45474005E8061 /* FloatingTextField.swift in Sources */ = {isa = PBXBuildFile; fileRef = DECBEFE027E45473005E8061 /* FloatingTextField.swift */; };
		DECBEFF327E45474005E8061 /* Assets.xcassets in Resources */ = {isa = PBXBuildFile; fileRef = DECBEFE127E45474005E8061 /* Assets.xcassets */; };
		DECBEFF427E45474005E8061 /* Assets.xcassets in Resources */ = {isa = PBXBuildFile; fileRef = DECBEFE127E45474005E8061 /* Assets.xcassets */; };
		DECBEFFF27E454A4005E8061 /* String++Extension.swift in Sources */ = {isa = PBXBuildFile; fileRef = DECBEFFE27E454A4005E8061 /* String++Extension.swift */; };
		DEFAA53027E4A9590036BB4E /* LegacyTextField.swift in Sources */ = {isa = PBXBuildFile; fileRef = DEFAA52F27E4A9590036BB4E /* LegacyTextField.swift */; };
		DEFAA53127E4A9590036BB4E /* LegacyTextField.swift in Sources */ = {isa = PBXBuildFile; fileRef = DEFAA52F27E4A9590036BB4E /* LegacyTextField.swift */; };
		DEFAA53327E4B5AB0036BB4E /* SceneDelegate.swift in Sources */ = {isa = PBXBuildFile; fileRef = DEFAA53227E4B5AB0036BB4E /* SceneDelegate.swift */; };
		DEFAA53427E4B5AB0036BB4E /* SceneDelegate.swift in Sources */ = {isa = PBXBuildFile; fileRef = DEFAA53227E4B5AB0036BB4E /* SceneDelegate.swift */; };
		DEFAA53627E4B6150036BB4E /* AppDelegate.swift in Sources */ = {isa = PBXBuildFile; fileRef = DEFAA53527E4B6150036BB4E /* AppDelegate.swift */; };
		DEFAA53727E4B6150036BB4E /* AppDelegate.swift in Sources */ = {isa = PBXBuildFile; fileRef = DEFAA53527E4B6150036BB4E /* AppDelegate.swift */; };
/* End PBXBuildFile section */

/* Begin PBXFileReference section */
		DECBEFDF27E45473005E8061 /* FloatingTextFieldApp.swift */ = {isa = PBXFileReference; lastKnownFileType = sourcecode.swift; path = FloatingTextFieldApp.swift; sourceTree = "<group>"; };
		DECBEFE027E45473005E8061 /* FloatingTextField.swift */ = {isa = PBXFileReference; lastKnownFileType = sourcecode.swift; path = FloatingTextField.swift; sourceTree = "<group>"; };
		DECBEFE127E45474005E8061 /* Assets.xcassets */ = {isa = PBXFileReference; lastKnownFileType = folder.assetcatalog; path = Assets.xcassets; sourceTree = "<group>"; };
		DECBEFE627E45474005E8061 /* FloatingTextField.app */ = {isa = PBXFileReference; explicitFileType = wrapper.application; includeInIndex = 0; path = FloatingTextField.app; sourceTree = BUILT_PRODUCTS_DIR; };
		DECBEFEC27E45474005E8061 /* FloatingTextField.app */ = {isa = PBXFileReference; explicitFileType = wrapper.application; includeInIndex = 0; path = FloatingTextField.app; sourceTree = BUILT_PRODUCTS_DIR; };
		DECBEFEE27E45474005E8061 /* macOS.entitlements */ = {isa = PBXFileReference; lastKnownFileType = text.plist.entitlements; path = macOS.entitlements; sourceTree = "<group>"; };
		DECBEFFE27E454A4005E8061 /* String++Extension.swift */ = {isa = PBXFileReference; lastKnownFileType = sourcecode.swift; path = "String++Extension.swift"; sourceTree = "<group>"; };
		DEFAA52F27E4A9590036BB4E /* LegacyTextField.swift */ = {isa = PBXFileReference; lastKnownFileType = sourcecode.swift; path = LegacyTextField.swift; sourceTree = "<group>"; };
		DEFAA53227E4B5AB0036BB4E /* SceneDelegate.swift */ = {isa = PBXFileReference; lastKnownFileType = sourcecode.swift; path = SceneDelegate.swift; sourceTree = "<group>"; };
		DEFAA53527E4B6150036BB4E /* AppDelegate.swift */ = {isa = PBXFileReference; lastKnownFileType = sourcecode.swift; path = AppDelegate.swift; sourceTree = "<group>"; };
/* End PBXFileReference section */

/* Begin PBXFrameworksBuildPhase section */
		DECBEFE327E45474005E8061 /* Frameworks */ = {
			isa = PBXFrameworksBuildPhase;
			buildActionMask = 2147483647;
			files = (
			);
			runOnlyForDeploymentPostprocessing = 0;
		};
		DECBEFE927E45474005E8061 /* Frameworks */ = {
			isa = PBXFrameworksBuildPhase;
			buildActionMask = 2147483647;
			files = (
			);
			runOnlyForDeploymentPostprocessing = 0;
		};
/* End PBXFrameworksBuildPhase section */

/* Begin PBXGroup section */
		DE34544327E529B500DCA819 /* Delegates */ = {
			isa = PBXGroup;
			children = (
				DEFAA53227E4B5AB0036BB4E /* SceneDelegate.swift */,
				DEFAA53527E4B6150036BB4E /* AppDelegate.swift */,
			);
			path = Delegates;
			sourceTree = "<group>";
		};
		DE34544427E529D100DCA819 /* Componnents */ = {
			isa = PBXGroup;
			children = (
				DECBEFE027E45473005E8061 /* FloatingTextField.swift */,
				DEFAA52F27E4A9590036BB4E /* LegacyTextField.swift */,
			);
			path = Componnents;
			sourceTree = "<group>";
		};
		DECBEFD927E45473005E8061 = {
			isa = PBXGroup;
			children = (
				DECBEFDE27E45473005E8061 /* Shared */,
				DECBEFED27E45474005E8061 /* macOS */,
				DECBEFE727E45474005E8061 /* Products */,
			);
			sourceTree = "<group>";
		};
		DECBEFDE27E45473005E8061 /* Shared */ = {
			isa = PBXGroup;
			children = (
				DE34544427E529D100DCA819 /* Componnents */,
				DE34544327E529B500DCA819 /* Delegates */,
				DECBEFFD27E45498005E8061 /* Extension */,
				DECBEFDF27E45473005E8061 /* FloatingTextFieldApp.swift */,
				DECBEFE127E45474005E8061 /* Assets.xcassets */,
			);
			path = Shared;
			sourceTree = "<group>";
		};
		DECBEFE727E45474005E8061 /* Products */ = {
			isa = PBXGroup;
			children = (
				DECBEFE627E45474005E8061 /* FloatingTextField.app */,
				DECBEFEC27E45474005E8061 /* FloatingTextField.app */,
			);
			name = Products;
			sourceTree = "<group>";
		};
		DECBEFED27E45474005E8061 /* macOS */ = {
			isa = PBXGroup;
			children = (
				DECBEFEE27E45474005E8061 /* macOS.entitlements */,
			);
			path = macOS;
			sourceTree = "<group>";
		};
		DECBEFFD27E45498005E8061 /* Extension */ = {
			isa = PBXGroup;
			children = (
				DECBEFFE27E454A4005E8061 /* String++Extension.swift */,
			);
			path = Extension;
			sourceTree = "<group>";
		};
/* End PBXGroup section */

/* Begin PBXNativeTarget section */
		DECBEFE527E45474005E8061 /* FloatingTextField (iOS) */ = {
			isa = PBXNativeTarget;
			buildConfigurationList = DECBEFF727E45474005E8061 /* Build configuration list for PBXNativeTarget "FloatingTextField (iOS)" */;
			buildPhases = (
				DECBEFE227E45474005E8061 /* Sources */,
				DECBEFE327E45474005E8061 /* Frameworks */,
				DECBEFE427E45474005E8061 /* Resources */,
			);
			buildRules = (
			);
			dependencies = (
			);
			name = "FloatingTextField (iOS)";
			productName = "FloatingTextField (iOS)";
			productReference = DECBEFE627E45474005E8061 /* FloatingTextField.app */;
			productType = "com.apple.product-type.application";
		};
		DECBEFEB27E45474005E8061 /* FloatingTextField (macOS) */ = {
			isa = PBXNativeTarget;
			buildConfigurationList = DECBEFFA27E45474005E8061 /* Build configuration list for PBXNativeTarget "FloatingTextField (macOS)" */;
			buildPhases = (
				DECBEFE827E45474005E8061 /* Sources */,
				DECBEFE927E45474005E8061 /* Frameworks */,
				DECBEFEA27E45474005E8061 /* Resources */,
			);
			buildRules = (
			);
			dependencies = (
			);
			name = "FloatingTextField (macOS)";
			productName = "FloatingTextField (macOS)";
			productReference = DECBEFEC27E45474005E8061 /* FloatingTextField.app */;
			productType = "com.apple.product-type.application";
		};
/* End PBXNativeTarget section */

/* Begin PBXProject section */
		DECBEFDA27E45473005E8061 /* Project object */ = {
			isa = PBXProject;
			attributes = {
				BuildIndependentTargetsInParallel = 1;
				LastSwiftUpdateCheck = 1330;
				LastUpgradeCheck = 1330;
				TargetAttributes = {
					DECBEFE527E45474005E8061 = {
						CreatedOnToolsVersion = 13.3;
					};
					DECBEFEB27E45474005E8061 = {
						CreatedOnToolsVersion = 13.3;
					};
				};
			};
			buildConfigurationList = DECBEFDD27E45473005E8061 /* Build configuration list for PBXProject "FloatingTextField" */;
			compatibilityVersion = "Xcode 13.0";
			developmentRegion = en;
			hasScannedForEncodings = 0;
			knownRegions = (
				en,
				Base,
			);
			mainGroup = DECBEFD927E45473005E8061;
			productRefGroup = DECBEFE727E45474005E8061 /* Products */;
			projectDirPath = "";
			projectRoot = "";
			targets = (
				DECBEFE527E45474005E8061 /* FloatingTextField (iOS) */,
				DECBEFEB27E45474005E8061 /* FloatingTextField (macOS) */,
			);
		};
/* End PBXProject section */

/* Begin PBXResourcesBuildPhase section */
		DECBEFE427E45474005E8061 /* Resources */ = {
			isa = PBXResourcesBuildPhase;
			buildActionMask = 2147483647;
			files = (
				DECBEFF327E45474005E8061 /* Assets.xcassets in Resources */,
			);
			runOnlyForDeploymentPostprocessing = 0;
		};
		DECBEFEA27E45474005E8061 /* Resources */ = {
			isa = PBXResourcesBuildPhase;
			buildActionMask = 2147483647;
			files = (
				DECBEFF427E45474005E8061 /* Assets.xcassets in Resources */,
			);
			runOnlyForDeploymentPostprocessing = 0;
		};
/* End PBXResourcesBuildPhase section */

/* Begin PBXSourcesBuildPhase section */
		DECBEFE227E45474005E8061 /* Sources */ = {
			isa = PBXSourcesBuildPhase;
			buildActionMask = 2147483647;
			files = (
				DEFAA53627E4B6150036BB4E /* AppDelegate.swift in Sources */,
				DEFAA53327E4B5AB0036BB4E /* SceneDelegate.swift in Sources */,
				DECBEFF127E45474005E8061 /* FloatingTextField.swift in Sources */,
				DECBEFFF27E454A4005E8061 /* String++Extension.swift in Sources */,
				DEFAA53027E4A9590036BB4E /* LegacyTextField.swift in Sources */,
				DECBEFEF27E45474005E8061 /* FloatingTextFieldApp.swift in Sources */,
			);
			runOnlyForDeploymentPostprocessing = 0;
		};
		DECBEFE827E45474005E8061 /* Sources */ = {
			isa = PBXSourcesBuildPhase;
			buildActionMask = 2147483647;
			files = (
				DEFAA53127E4A9590036BB4E /* LegacyTextField.swift in Sources */,
				DECBEFF227E45474005E8061 /* FloatingTextField.swift in Sources */,
				DECBEFF027E45474005E8061 /* FloatingTextFieldApp.swift in Sources */,
				DEFAA53727E4B6150036BB4E /* AppDelegate.swift in Sources */,
				DEFAA53427E4B5AB0036BB4E /* SceneDelegate.swift in Sources */,
			);
			runOnlyForDeploymentPostprocessing = 0;
		};
/* End PBXSourcesBuildPhase section */

/* Begin XCBuildConfiguration section */
		DECBEFF527E45474005E8061 /* Debug */ = {
			isa = XCBuildConfiguration;
			buildSettings = {
				ALWAYS_SEARCH_USER_PATHS = NO;
				CLANG_ANALYZER_NONNULL = YES;
				CLANG_ANALYZER_NUMBER_OBJECT_CONVERSION = YES_AGGRESSIVE;
				CLANG_CXX_LANGUAGE_STANDARD = "gnu++17";
				CLANG_ENABLE_MODULES = YES;
				CLANG_ENABLE_OBJC_ARC = YES;
				CLANG_ENABLE_OBJC_WEAK = YES;
				CLANG_WARN_BLOCK_CAPTURE_AUTORELEASING = YES;
				CLANG_WARN_BOOL_CONVERSION = YES;
				CLANG_WARN_COMMA = YES;
				CLANG_WARN_CONSTANT_CONVERSION = YES;
				CLANG_WARN_DEPRECATED_OBJC_IMPLEMENTATIONS = YES;
				CLANG_WARN_DIRECT_OBJC_ISA_USAGE = YES_ERROR;
				CLANG_WARN_DOCUMENTATION_COMMENTS = YES;
				CLANG_WARN_EMPTY_BODY = YES;
				CLANG_WARN_ENUM_CONVERSION = YES;
				CLANG_WARN_INFINITE_RECURSION = YES;
				CLANG_WARN_INT_CONVERSION = YES;
				CLANG_WARN_NON_LITERAL_NULL_CONVERSION = YES;
				CLANG_WARN_OBJC_IMPLICIT_RETAIN_SELF = YES;
				CLANG_WARN_OBJC_LITERAL_CONVERSION = YES;
				CLANG_WARN_OBJC_ROOT_CLASS = YES_ERROR;
				CLANG_WARN_QUOTED_INCLUDE_IN_FRAMEWORK_HEADER = YES;
				CLANG_WARN_RANGE_LOOP_ANALYSIS = YES;
				CLANG_WARN_STRICT_PROTOTYPES = YES;
				CLANG_WARN_SUSPICIOUS_MOVE = YES;
				CLANG_WARN_UNGUARDED_AVAILABILITY = YES_AGGRESSIVE;
				CLANG_WARN_UNREACHABLE_CODE = YES;
				CLANG_WARN__DUPLICATE_METHOD_MATCH = YES;
				COPY_PHASE_STRIP = NO;
				DEBUG_INFORMATION_FORMAT = dwarf;
				ENABLE_STRICT_OBJC_MSGSEND = YES;
				ENABLE_TESTABILITY = YES;
				GCC_C_LANGUAGE_STANDARD = gnu11;
				GCC_DYNAMIC_NO_PIC = NO;
				GCC_NO_COMMON_BLOCKS = YES;
				GCC_OPTIMIZATION_LEVEL = 0;
				GCC_PREPROCESSOR_DEFINITIONS = (
					"DEBUG=1",
					"$(inherited)",
				);
				GCC_WARN_64_TO_32_BIT_CONVERSION = YES;
				GCC_WARN_ABOUT_RETURN_TYPE = YES_ERROR;
				GCC_WARN_UNDECLARED_SELECTOR = YES;
				GCC_WARN_UNINITIALIZED_AUTOS = YES_AGGRESSIVE;
				GCC_WARN_UNUSED_FUNCTION = YES;
				GCC_WARN_UNUSED_VARIABLE = YES;
				MTL_ENABLE_DEBUG_INFO = INCLUDE_SOURCE;
				MTL_FAST_MATH = YES;
				ONLY_ACTIVE_ARCH = YES;
				SWIFT_ACTIVE_COMPILATION_CONDITIONS = DEBUG;
				SWIFT_OPTIMIZATION_LEVEL = "-Onone";
			};
			name = Debug;
		};
		DECBEFF627E45474005E8061 /* Release */ = {
			isa = XCBuildConfiguration;
			buildSettings = {
				ALWAYS_SEARCH_USER_PATHS = NO;
				CLANG_ANALYZER_NONNULL = YES;
				CLANG_ANALYZER_NUMBER_OBJECT_CONVERSION = YES_AGGRESSIVE;
				CLANG_CXX_LANGUAGE_STANDARD = "gnu++17";
				CLANG_ENABLE_MODULES = YES;
				CLANG_ENABLE_OBJC_ARC = YES;
				CLANG_ENABLE_OBJC_WEAK = YES;
				CLANG_WARN_BLOCK_CAPTURE_AUTORELEASING = YES;
				CLANG_WARN_BOOL_CONVERSION = YES;
				CLANG_WARN_COMMA = YES;
				CLANG_WARN_CONSTANT_CONVERSION = YES;
				CLANG_WARN_DEPRECATED_OBJC_IMPLEMENTATIONS = YES;
				CLANG_WARN_DIRECT_OBJC_ISA_USAGE = YES_ERROR;
				CLANG_WARN_DOCUMENTATION_COMMENTS = YES;
				CLANG_WARN_EMPTY_BODY = YES;
				CLANG_WARN_ENUM_CONVERSION = YES;
				CLANG_WARN_INFINITE_RECURSION = YES;
				CLANG_WARN_INT_CONVERSION = YES;
				CLANG_WARN_NON_LITERAL_NULL_CONVERSION = YES;
				CLANG_WARN_OBJC_IMPLICIT_RETAIN_SELF = YES;
				CLANG_WARN_OBJC_LITERAL_CONVERSION = YES;
				CLANG_WARN_OBJC_ROOT_CLASS = YES_ERROR;
				CLANG_WARN_QUOTED_INCLUDE_IN_FRAMEWORK_HEADER = YES;
				CLANG_WARN_RANGE_LOOP_ANALYSIS = YES;
				CLANG_WARN_STRICT_PROTOTYPES = YES;
				CLANG_WARN_SUSPICIOUS_MOVE = YES;
				CLANG_WARN_UNGUARDED_AVAILABILITY = YES_AGGRESSIVE;
				CLANG_WARN_UNREACHABLE_CODE = YES;
				CLANG_WARN__DUPLICATE_METHOD_MATCH = YES;
				COPY_PHASE_STRIP = NO;
				DEBUG_INFORMATION_FORMAT = "dwarf-with-dsym";
				ENABLE_NS_ASSERTIONS = NO;
				ENABLE_STRICT_OBJC_MSGSEND = YES;
				GCC_C_LANGUAGE_STANDARD = gnu11;
				GCC_NO_COMMON_BLOCKS = YES;
				GCC_WARN_64_TO_32_BIT_CONVERSION = YES;
				GCC_WARN_ABOUT_RETURN_TYPE = YES_ERROR;
				GCC_WARN_UNDECLARED_SELECTOR = YES;
				GCC_WARN_UNINITIALIZED_AUTOS = YES_AGGRESSIVE;
				GCC_WARN_UNUSED_FUNCTION = YES;
				GCC_WARN_UNUSED_VARIABLE = YES;
				MTL_ENABLE_DEBUG_INFO = NO;
				MTL_FAST_MATH = YES;
				SWIFT_COMPILATION_MODE = wholemodule;
				SWIFT_OPTIMIZATION_LEVEL = "-O";
			};
			name = Release;
		};
		DECBEFF827E45474005E8061 /* Debug */ = {
			isa = XCBuildConfiguration;
			buildSettings = {
				ASSETCATALOG_COMPILER_APPICON_NAME = AppIcon;
				ASSETCATALOG_COMPILER_GLOBAL_ACCENT_COLOR_NAME = AccentColor;
				CODE_SIGN_STYLE = Automatic;
				CURRENT_PROJECT_VERSION = 1;
				DEVELOPMENT_TEAM = 88P363PJC9;
				ENABLE_PREVIEWS = YES;
				GENERATE_INFOPLIST_FILE = YES;
				INFOPLIST_KEY_UIApplicationSceneManifest_Generation = YES;
				INFOPLIST_KEY_UIApplicationSupportsIndirectInputEvents = YES;
				INFOPLIST_KEY_UILaunchScreen_Generation = YES;
				INFOPLIST_KEY_UISupportedInterfaceOrientations_iPad = "UIInterfaceOrientationPortrait UIInterfaceOrientationPortraitUpsideDown UIInterfaceOrientationLandscapeLeft UIInterfaceOrientationLandscapeRight";
				INFOPLIST_KEY_UISupportedInterfaceOrientations_iPhone = "UIInterfaceOrientationPortrait UIInterfaceOrientationLandscapeLeft UIInterfaceOrientationLandscapeRight";
				IPHONEOS_DEPLOYMENT_TARGET = 13.0;
				LD_RUNPATH_SEARCH_PATHS = (
					"$(inherited)",
					"@executable_path/Frameworks",
				);
				MARKETING_VERSION = 1.0;
				PRODUCT_BUNDLE_IDENTIFIER = com.kiarashvosough.Apple.FloatingTextField;
				PRODUCT_NAME = FloatingTextField;
				SDKROOT = iphoneos;
				SWIFT_EMIT_LOC_STRINGS = YES;
				SWIFT_VERSION = 5.0;
				TARGETED_DEVICE_FAMILY = "1,2";
			};
			name = Debug;
		};
		DECBEFF927E45474005E8061 /* Release */ = {
			isa = XCBuildConfiguration;
			buildSettings = {
				ASSETCATALOG_COMPILER_APPICON_NAME = AppIcon;
				ASSETCATALOG_COMPILER_GLOBAL_ACCENT_COLOR_NAME = AccentColor;
				CODE_SIGN_STYLE = Automatic;
				CURRENT_PROJECT_VERSION = 1;
				DEVELOPMENT_TEAM = 88P363PJC9;
				ENABLE_PREVIEWS = YES;
				GENERATE_INFOPLIST_FILE = YES;
				INFOPLIST_KEY_UIApplicationSceneManifest_Generation = YES;
				INFOPLIST_KEY_UIApplicationSupportsIndirectInputEvents = YES;
				INFOPLIST_KEY_UILaunchScreen_Generation = YES;
				INFOPLIST_KEY_UISupportedInterfaceOrientations_iPad = "UIInterfaceOrientationPortrait UIInterfaceOrientationPortraitUpsideDown UIInterfaceOrientationLandscapeLeft UIInterfaceOrientationLandscapeRight";
				INFOPLIST_KEY_UISupportedInterfaceOrientations_iPhone = "UIInterfaceOrientationPortrait UIInterfaceOrientationLandscapeLeft UIInterfaceOrientationLandscapeRight";
				IPHONEOS_DEPLOYMENT_TARGET = 13.0;
				LD_RUNPATH_SEARCH_PATHS = (
					"$(inherited)",
					"@executable_path/Frameworks",
				);
				MARKETING_VERSION = 1.0;
				PRODUCT_BUNDLE_IDENTIFIER = com.kiarashvosough.Apple.FloatingTextField;
				PRODUCT_NAME = FloatingTextField;
				SDKROOT = iphoneos;
				SWIFT_EMIT_LOC_STRINGS = YES;
				SWIFT_VERSION = 5.0;
				TARGETED_DEVICE_FAMILY = "1,2";
				VALIDATE_PRODUCT = YES;
			};
			name = Release;
		};
		DECBEFFB27E45474005E8061 /* Debug */ = {
			isa = XCBuildConfiguration;
			buildSettings = {
				ASSETCATALOG_COMPILER_APPICON_NAME = AppIcon;
				ASSETCATALOG_COMPILER_GLOBAL_ACCENT_COLOR_NAME = AccentColor;
				CODE_SIGN_ENTITLEMENTS = macOS/macOS.entitlements;
				CODE_SIGN_STYLE = Automatic;
				COMBINE_HIDPI_IMAGES = YES;
				CURRENT_PROJECT_VERSION = 1;
				DEVELOPMENT_TEAM = 88P363PJC9;
				ENABLE_HARDENED_RUNTIME = YES;
				ENABLE_PREVIEWS = YES;
				GENERATE_INFOPLIST_FILE = YES;
				INFOPLIST_KEY_NSHumanReadableCopyright = "";
				LD_RUNPATH_SEARCH_PATHS = (
					"$(inherited)",
					"@executable_path/../Frameworks",
				);
				MACOSX_DEPLOYMENT_TARGET = 12.0;
				MARKETING_VERSION = 1.0;
				PRODUCT_BUNDLE_IDENTIFIER = com.kiarashvosough.Apple.FloatingTextField;
				PRODUCT_NAME = FloatingTextField;
				SDKROOT = macosx;
				SWIFT_EMIT_LOC_STRINGS = YES;
				SWIFT_VERSION = 5.0;
			};
			name = Debug;
		};
		DECBEFFC27E45474005E8061 /* Release */ = {
			isa = XCBuildConfiguration;
			buildSettings = {
				ASSETCATALOG_COMPILER_APPICON_NAME = AppIcon;
				ASSETCATALOG_COMPILER_GLOBAL_ACCENT_COLOR_NAME = AccentColor;
				CODE_SIGN_ENTITLEMENTS = macOS/macOS.entitlements;
				CODE_SIGN_STYLE = Automatic;
				COMBINE_HIDPI_IMAGES = YES;
				CURRENT_PROJECT_VERSION = 1;
				DEVELOPMENT_TEAM = 88P363PJC9;
				ENABLE_HARDENED_RUNTIME = YES;
				ENABLE_PREVIEWS = YES;
				GENERATE_INFOPLIST_FILE = YES;
				INFOPLIST_KEY_NSHumanReadableCopyright = "";
				LD_RUNPATH_SEARCH_PATHS = (
					"$(inherited)",
					"@executable_path/../Frameworks",
				);
				MACOSX_DEPLOYMENT_TARGET = 12.0;
				MARKETING_VERSION = 1.0;
				PRODUCT_BUNDLE_IDENTIFIER = com.kiarashvosough.Apple.FloatingTextField;
				PRODUCT_NAME = FloatingTextField;
				SDKROOT = macosx;
				SWIFT_EMIT_LOC_STRINGS = YES;
				SWIFT_VERSION = 5.0;
			};
			name = Release;
		};
/* End XCBuildConfiguration section */

/* Begin XCConfigurationList section */
		DECBEFDD27E45473005E8061 /* Build configuration list for PBXProject "FloatingTextField" */ = {
			isa = XCConfigurationList;
			buildConfigurations = (
				DECBEFF527E45474005E8061 /* Debug */,
				DECBEFF627E45474005E8061 /* Release */,
			);
			defaultConfigurationIsVisible = 0;
			defaultConfigurationName = Release;
		};
		DECBEFF727E45474005E8061 /* Build configuration list for PBXNativeTarget "FloatingTextField (iOS)" */ = {
			isa = XCConfigurationList;
			buildConfigurations = (
				DECBEFF827E45474005E8061 /* Debug */,
				DECBEFF927E45474005E8061 /* Release */,
			);
			defaultConfigurationIsVisible = 0;
			defaultConfigurationName = Release;
		};
		DECBEFFA27E45474005E8061 /* Build configuration list for PBXNativeTarget "FloatingTextField (macOS)" */ = {
			isa = XCConfigurationList;
			buildConfigurations = (
				DECBEFFB27E45474005E8061 /* Debug */,
				DECBEFFC27E45474005E8061 /* Release */,
			);
			defaultConfigurationIsVisible = 0;
			defaultConfigurationName = Release;
		};
/* End XCConfigurationList section */
	};
	rootObject = DECBEFDA27E45473005E8061 /* Project object */;
}
